
Microsoft Visual Studio Solution File, Format Version 12.00
# Visual Studio 15
VisualStudioVersion = 15.0.28307.572
MinimumVisualStudioVersion = 10.0.40219.1
Project("{2150E333-8FDC-42A3-9474-1A3956D46DE8}") = "Assets", "Assets", "{7F72DB2A-71D0-4BEC-BEE8-A9EC5D69D433}"
	ProjectSection(SolutionItems) = preProject
		appveyor.yml = appveyor.yml
		build.cake = build.cake
		build.ps1 = build.ps1
		README.md = README.md
	EndProjectSection
EndProject
Project("{9A19103F-16F7-4668-BE54-9A1E7A4F7556}") = "Yaapii.Zip", "src\Yaapii.Zip\Yaapii.Zip.csproj", "{83402A17-374C-4AA1-B0DC-A71EB95AFEC6}"
EndProject
Project("{9A19103F-16F7-4668-BE54-9A1E7A4F7556}") = "Test.Yaapii.Zip", "tests\Test.Yaapii.Zip\Test.Yaapii.Zip.csproj", "{43CEF6FD-D713-4DB1-8AF3-C5EBF73DF3A9}"
EndProject
Global
	GlobalSection(SolutionConfigurationPlatforms) = preSolution
		Debug|Any CPU = Debug|Any CPU
		Release|Any CPU = Release|Any CPU
	EndGlobalSection
	GlobalSection(ProjectConfigurationPlatforms) = postSolution
		{83402A17-374C-4AA1-B0DC-A71EB95AFEC6}.Debug|Any CPU.ActiveCfg = Debug|Any CPU
		{83402A17-374C-4AA1-B0DC-A71EB95AFEC6}.Debug|Any CPU.Build.0 = Debug|Any CPU
		{83402A17-374C-4AA1-B0DC-A71EB95AFEC6}.Release|Any CPU.ActiveCfg = Release|Any CPU
		{83402A17-374C-4AA1-B0DC-A71EB95AFEC6}.Release|Any CPU.Build.0 = Release|Any CPU
		{43CEF6FD-D713-4DB1-8AF3-C5EBF73DF3A9}.Debug|Any CPU.ActiveCfg = Debug|Any CPU
		{43CEF6FD-D713-4DB1-8AF3-C5EBF73DF3A9}.Debug|Any CPU.Build.0 = Debug|Any CPU
		{43CEF6FD-D713-4DB1-8AF3-C5EBF73DF3A9}.Release|Any CPU.ActiveCfg = Release|Any CPU
		{43CEF6FD-D713-4DB1-8AF3-C5EBF73DF3A9}.Release|Any CPU.Build.0 = Release|Any CPU
	EndGlobalSection
	GlobalSection(SolutionProperties) = preSolution
		HideSolutionNode = FALSE
	EndGlobalSection
	GlobalSection(ExtensibilityGlobals) = postSolution
		SolutionGuid = {DA152641-8201-43F2-A4F8-D12DB3DE7A4F}
	EndGlobalSection
EndGlobal
